
Microsoft Visual Studio Solution File, Format Version 12.00
# Visual Studio Version 17
VisualStudioVersion = 17.10.35122.118
MinimumVisualStudioVersion = 10.0.40219.1
Project("{9A19103F-16F7-4668-BE54-9A1E7A4F7556}") = "InventoryManagement.Web", "InventoryManagement\InventoryManagement.Web.csproj", "{BF4B3A28-618B-4456-9861-1EC95FB8C478}"
EndProject
Project("{9A19103F-16F7-4668-BE54-9A1E7A4F7556}") = "InventoryManagement.Api", "InventoryManagement.Api\InventoryManagement.Api.csproj", "{AB51C1D4-5613-4AE9-9AB7-C2B88DF06E02}"
EndProject
Project("{FAE04EC0-301F-11D3-BF4B-00C04F79EFBC}") = "InventoryManagement.Infraestructure", "InventoryManagement.Infraestructure\InventoryManagement.Infraestructure.csproj", "{22EB1D8A-8355-455B-B89B-C90DA417FF61}"
EndProject
Project("{FAE04EC0-301F-11D3-BF4B-00C04F79EFBC}") = "InventoryManagement.Domain", "InventoryManagement.Domain\InventoryManagement.Domain.csproj", "{1E012BF0-15E0-4ABA-B278-6617FAEE6B1D}"
EndProject
Global
	GlobalSection(SolutionConfigurationPlatforms) = preSolution
		Debug|Any CPU = Debug|Any CPU
		Release|Any CPU = Release|Any CPU
	EndGlobalSection
	GlobalSection(ProjectConfigurationPlatforms) = postSolution
		{BF4B3A28-618B-4456-9861-1EC95FB8C478}.Debug|Any CPU.ActiveCfg = Debug|Any CPU
		{BF4B3A28-618B-4456-9861-1EC95FB8C478}.Debug|Any CPU.Build.0 = Debug|Any CPU
		{BF4B3A28-618B-4456-9861-1EC95FB8C478}.Release|Any CPU.ActiveCfg = Release|Any CPU
		{BF4B3A28-618B-4456-9861-1EC95FB8C478}.Release|Any CPU.Build.0 = Release|Any CPU
		{AB51C1D4-5613-4AE9-9AB7-C2B88DF06E02}.Debug|Any CPU.ActiveCfg = Debug|Any CPU
		{AB51C1D4-5613-4AE9-9AB7-C2B88DF06E02}.Debug|Any CPU.Build.0 = Debug|Any CPU
		{AB51C1D4-5613-4AE9-9AB7-C2B88DF06E02}.Release|Any CPU.ActiveCfg = Release|Any CPU
		{AB51C1D4-5613-4AE9-9AB7-C2B88DF06E02}.Release|Any CPU.Build.0 = Release|Any CPU
		{22EB1D8A-8355-455B-B89B-C90DA417FF61}.Debug|Any CPU.ActiveCfg = Debug|Any CPU
		{22EB1D8A-8355-455B-B89B-C90DA417FF61}.Debug|Any CPU.Build.0 = Debug|Any CPU
		{22EB1D8A-8355-455B-B89B-C90DA417FF61}.Release|Any CPU.ActiveCfg = Release|Any CPU
		{22EB1D8A-8355-455B-B89B-C90DA417FF61}.Release|Any CPU.Build.0 = Release|Any CPU
		{1E012BF0-15E0-4ABA-B278-6617FAEE6B1D}.Debug|Any CPU.ActiveCfg = Debug|Any CPU
		{1E012BF0-15E0-4ABA-B278-6617FAEE6B1D}.Debug|Any CPU.Build.0 = Debug|Any CPU
		{1E012BF0-15E0-4ABA-B278-6617FAEE6B1D}.Release|Any CPU.ActiveCfg = Release|Any CPU
		{1E012BF0-15E0-4ABA-B278-6617FAEE6B1D}.Release|Any CPU.Build.0 = Release|Any CPU
	EndGlobalSection
	GlobalSection(SolutionProperties) = preSolution
		HideSolutionNode = FALSE
	EndGlobalSection
	GlobalSection(ExtensibilityGlobals) = postSolution
		SolutionGuid = {AEA03859-7D6D-4EFB-9973-15B6CBCE0D3C}
	EndGlobalSection
EndGlobal
